
Microsoft Visual Studio Solution File, Format Version 12.00
# Visual Studio Version 17
VisualStudioVersion = 17.6.33712.159
MinimumVisualStudioVersion = 10.0.40219.1
Project("{FAE04EC0-301F-11D3-BF4B-00C04F79EFBC}") = "LinqPractices", "LinqPractices\LinqPractices.csproj", "{644CAD7D-5D02-4269-B836-AF12FEE6840C}"
EndProject
Global
	GlobalSection(SolutionConfigurationPlatforms) = preSolution
		Debug|Any CPU = Debug|Any CPU
		Release|Any CPU = Release|Any CPU
	EndGlobalSection
	GlobalSection(ProjectConfigurationPlatforms) = postSolution
		{644CAD7D-5D02-4269-B836-AF12FEE6840C}.Debug|Any CPU.ActiveCfg = Debug|Any CPU
		{644CAD7D-5D02-4269-B836-AF12FEE6840C}.Debug|Any CPU.Build.0 = Debug|Any CPU
		{644CAD7D-5D02-4269-B836-AF12FEE6840C}.Release|Any CPU.ActiveCfg = Release|Any CPU
		{644CAD7D-5D02-4269-B836-AF12FEE6840C}.Release|Any CPU.Build.0 = Release|Any CPU
	EndGlobalSection
	GlobalSection(SolutionProperties) = preSolution
		HideSolutionNode = FALSE
	EndGlobalSection
	GlobalSection(ExtensibilityGlobals) = postSolution
		SolutionGuid = {7318FBC7-37EE-42DC-9115-51D2096DA01A}
	EndGlobalSection
EndGlobal
